// !$*UTF8*$!
{
	archiveVersion = 1;
	classes = {
	};
	objectVersion = 46;
	objects = {

/* Begin PBXBuildFile section */
		C39053971D6EC5E2008C4831 /* main.m in Sources */ = {isa = PBXBuildFile; fileRef = C39053961D6EC5E2008C4831 /* main.m */; };
		C390539A1D6EC5E2008C4831 /* AppDelegate.m in Sources */ = {isa = PBXBuildFile; fileRef = C39053991D6EC5E2008C4831 /* AppDelegate.m */; };
		C390539D1D6EC5E2008C4831 /* ViewController.m in Sources */ = {isa = PBXBuildFile; fileRef = C390539C1D6EC5E2008C4831 /* ViewController.m */; };
		C39053A01D6EC5E2008C4831 /* Main.storyboard in Resources */ = {isa = PBXBuildFile; fileRef = C390539E1D6EC5E2008C4831 /* Main.storyboard */; };
		C39053A21D6EC5E2008C4831 /* Assets.xcassets in Resources */ = {isa = PBXBuildFile; fileRef = C39053A11D6EC5E2008C4831 /* Assets.xcassets */; };
		C39053A51D6EC5E2008C4831 /* LaunchScreen.storyboard in Resources */ = {isa = PBXBuildFile; fileRef = C39053A31D6EC5E2008C4831 /* LaunchScreen.storyboard */; };
		C39053AD1D6EC5F0008C4831 /* sign.entitlements in Resources */ = {isa = PBXBuildFile; fileRef = C39053AC1D6EC5F0008C4831 /* sign.entitlements */; };
		C39053AF1D6EC76B008C4831 /* CoreTelephony.framework in Frameworks */ = {isa = PBXBuildFile; fileRef = C39053AE1D6EC76B008C4831 /* CoreTelephony.framework */; };
		C39053B21D6ED130008C4831 /* SecondViewController.m in Sources */ = {isa = PBXBuildFile; fileRef = C39053B11D6ED130008C4831 /* SecondViewController.m */; };
		C39053B51D6ED13C008C4831 /* ThirdViewController.m in Sources */ = {isa = PBXBuildFile; fileRef = C39053B41D6ED13C008C4831 /* ThirdViewController.m */; };
/* End PBXBuildFile section */

/* Begin PBXFileReference section */
		C39053921D6EC5E1008C4831 /* Test1.app */ = {isa = PBXFileReference; explicitFileType = wrapper.application; includeInIndex = 0; path = Test1.app; sourceTree = BUILT_PRODUCTS_DIR; };
		C39053961D6EC5E2008C4831 /* main.m */ = {isa = PBXFileReference; lastKnownFileType = sourcecode.c.objc; path = main.m; sourceTree = "<group>"; };
		C39053981D6EC5E2008C4831 /* AppDelegate.h */ = {isa = PBXFileReference; lastKnownFileType = sourcecode.c.h; path = AppDelegate.h; sourceTree = "<group>"; };
		C39053991D6EC5E2008C4831 /* AppDelegate.m */ = {isa = PBXFileReference; lastKnownFileType = sourcecode.c.objc; path = AppDelegate.m; sourceTree = "<group>"; };
		C390539B1D6EC5E2008C4831 /* ViewController.h */ = {isa = PBXFileReference; lastKnownFileType = sourcecode.c.h; path = ViewController.h; sourceTree = "<group>"; };
		C390539C1D6EC5E2008C4831 /* ViewController.m */ = {isa = PBXFileReference; lastKnownFileType = sourcecode.c.objc; path = ViewController.m; sourceTree = "<group>"; };
		C390539F1D6EC5E2008C4831 /* Base */ = {isa = PBXFileReference; lastKnownFileType = file.storyboard; name = Base; path = Base.lproj/Main.storyboard; sourceTree = "<group>"; };
		C39053A11D6EC5E2008C4831 /* Assets.xcassets */ = {isa = PBXFileReference; lastKnownFileType = folder.assetcatalog; path = Assets.xcassets; sourceTree = "<group>"; };
		C39053A41D6EC5E2008C4831 /* Base */ = {isa = PBXFileReference; lastKnownFileType = file.storyboard; name = Base; path = Base.lproj/LaunchScreen.storyboard; sourceTree = "<group>"; };
		C39053A61D6EC5E2008C4831 /* Info.plist */ = {isa = PBXFileReference; lastKnownFileType = text.plist.xml; path = Info.plist; sourceTree = "<group>"; };
		C39053AC1D6EC5F0008C4831 /* sign.entitlements */ = {isa = PBXFileReference; fileEncoding = 4; lastKnownFileType = text.xml; path = sign.entitlements; sourceTree = "<group>"; };
		C39053AE1D6EC76B008C4831 /* CoreTelephony.framework */ = {isa = PBXFileReference; lastKnownFileType = wrapper.framework; name = CoreTelephony.framework; path = System/Library/Frameworks/CoreTelephony.framework; sourceTree = SDKROOT; };
		C39053B01D6ED130008C4831 /* SecondViewController.h */ = {isa = PBXFileReference; fileEncoding = 4; lastKnownFileType = sourcecode.c.h; path = SecondViewController.h; sourceTree = "<group>"; };
		C39053B11D6ED130008C4831 /* SecondViewController.m */ = {isa = PBXFileReference; fileEncoding = 4; lastKnownFileType = sourcecode.c.objc; path = SecondViewController.m; sourceTree = "<group>"; };
		C39053B31D6ED13C008C4831 /* ThirdViewController.h */ = {isa = PBXFileReference; fileEncoding = 4; lastKnownFileType = sourcecode.c.h; path = ThirdViewController.h; sourceTree = "<group>"; };
		C39053B41D6ED13C008C4831 /* ThirdViewController.m */ = {isa = PBXFileReference; fileEncoding = 4; lastKnownFileType = sourcecode.c.objc; path = ThirdViewController.m; sourceTree = "<group>"; };
/* End PBXFileReference section */

/* Begin PBXFrameworksBuildPhase section */
		C390538F1D6EC5E1008C4831 /* Frameworks */ = {
			isa = PBXFrameworksBuildPhase;
			buildActionMask = 2147483647;
			files = (
				C39053AF1D6EC76B008C4831 /* CoreTelephony.framework in Frameworks */,
			);
			runOnlyForDeploymentPostprocessing = 0;
		};
/* End PBXFrameworksBuildPhase section */

/* Begin PBXGroup section */
		C39053891D6EC5E1008C4831 = {
			isa = PBXGroup;
			children = (
				C39053AE1D6EC76B008C4831 /* CoreTelephony.framework */,
				C39053AC1D6EC5F0008C4831 /* sign.entitlements */,
				C39053941D6EC5E1008C4831 /* Test1 */,
				C39053931D6EC5E1008C4831 /* Products */,
			);
			sourceTree = "<group>";
		};
		C39053931D6EC5E1008C4831 /* Products */ = {
			isa = PBXGroup;
			children = (
				C39053921D6EC5E1008C4831 /* Test1.app */,
			);
			name = Products;
			sourceTree = "<group>";
		};
		C39053941D6EC5E1008C4831 /* Test1 */ = {
			isa = PBXGroup;
			children = (
				C39053981D6EC5E2008C4831 /* AppDelegate.h */,
				C39053991D6EC5E2008C4831 /* AppDelegate.m */,
				C390539B1D6EC5E2008C4831 /* ViewController.h */,
				C390539C1D6EC5E2008C4831 /* ViewController.m */,
				C39053B01D6ED130008C4831 /* SecondViewController.h */,
				C39053B11D6ED130008C4831 /* SecondViewController.m */,
				C39053B31D6ED13C008C4831 /* ThirdViewController.h */,
				C39053B41D6ED13C008C4831 /* ThirdViewController.m */,
				C390539E1D6EC5E2008C4831 /* Main.storyboard */,
				C39053A11D6EC5E2008C4831 /* Assets.xcassets */,
				C39053A31D6EC5E2008C4831 /* LaunchScreen.storyboard */,
				C39053A61D6EC5E2008C4831 /* Info.plist */,
				C39053951D6EC5E2008C4831 /* Supporting Files */,
			);
			path = Test1;
			sourceTree = "<group>";
		};
		C39053951D6EC5E2008C4831 /* Supporting Files */ = {
			isa = PBXGroup;
			children = (
				C39053961D6EC5E2008C4831 /* main.m */,
			);
			name = "Supporting Files";
			sourceTree = "<group>";
		};
/* End PBXGroup section */

/* Begin PBXNativeTarget section */
		C39053911D6EC5E1008C4831 /* Test1 */ = {
			isa = PBXNativeTarget;
			buildConfigurationList = C39053A91D6EC5E2008C4831 /* Build configuration list for PBXNativeTarget "Test1" */;
			buildPhases = (
				C390538E1D6EC5E1008C4831 /* Sources */,
				C390538F1D6EC5E1008C4831 /* Frameworks */,
				C39053901D6EC5E1008C4831 /* Resources */,
			);
			buildRules = (
			);
			dependencies = (
			);
			name = Test1;
			productName = Test1;
			productReference = C39053921D6EC5E1008C4831 /* Test1.app */;
			productType = "com.apple.product-type.application";
		};
/* End PBXNativeTarget section */

/* Begin PBXProject section */
		C390538A1D6EC5E1008C4831 /* Project object */ = {
			isa = PBXProject;
			attributes = {
				LastUpgradeCheck = 0730;
				ORGANIZATIONNAME = "上海中兴";
				TargetAttributes = {
					C39053911D6EC5E1008C4831 = {
						CreatedOnToolsVersion = 7.3.1;
						DevelopmentTeam = 75MD8GZ65V;
					};
				};
			};
			buildConfigurationList = C390538D1D6EC5E1008C4831 /* Build configuration list for PBXProject "Test1" */;
			compatibilityVersion = "Xcode 3.2";
			developmentRegion = English;
			hasScannedForEncodings = 0;
			knownRegions = (
				en,
				Base,
			);
			mainGroup = C39053891D6EC5E1008C4831;
			productRefGroup = C39053931D6EC5E1008C4831 /* Products */;
			projectDirPath = "";
			projectRoot = "";
			targets = (
				C39053911D6EC5E1008C4831 /* Test1 */,
			);
		};
/* End PBXProject section */

/* Begin PBXResourcesBuildPhase section */
		C39053901D6EC5E1008C4831 /* Resources */ = {
			isa = PBXResourcesBuildPhase;
			buildActionMask = 2147483647;
			files = (
				C39053AD1D6EC5F0008C4831 /* sign.entitlements in Resources */,
				C39053A51D6EC5E2008C4831 /* LaunchScreen.storyboard in Resources */,
				C39053A21D6EC5E2008C4831 /* Assets.xcassets in Resources */,
				C39053A01D6EC5E2008C4831 /* Main.storyboard in Resources */,
			);
			runOnlyForDeploymentPostprocessing = 0;
		};
/* End PBXResourcesBuildPhase section */

/* Begin PBXSourcesBuildPhase section */
		C390538E1D6EC5E1008C4831 /* Sources */ = {
			isa = PBXSourcesBuildPhase;
			buildActionMask = 2147483647;
			files = (
				C39053B21D6ED130008C4831 /* SecondViewController.m in Sources */,
				C39053B51D6ED13C008C4831 /* ThirdViewController.m in Sources */,
				C390539D1D6EC5E2008C4831 /* ViewController.m in Sources */,
				C390539A1D6EC5E2008C4831 /* AppDelegate.m in Sources */,
				C39053971D6EC5E2008C4831 /* main.m in Sources */,
			);
			runOnlyForDeploymentPostprocessing = 0;
		};
/* End PBXSourcesBuildPhase section */

/* Begin PBXVariantGroup section */
		C390539E1D6EC5E2008C4831 /* Main.storyboard */ = {
			isa = PBXVariantGroup;
			children = (
				C390539F1D6EC5E2008C4831 /* Base */,
			);
			name = Main.storyboard;
			sourceTree = "<group>";
		};
		C39053A31D6EC5E2008C4831 /* LaunchScreen.storyboard */ = {
			isa = PBXVariantGroup;
			children = (
				C39053A41D6EC5E2008C4831 /* Base */,
			);
			name = LaunchScreen.storyboard;
			sourceTree = "<group>";
		};
/* End PBXVariantGroup section */

/* Begin XCBuildConfiguration section */
		C39053A71D6EC5E2008C4831 /* Debug */ = {
			isa = XCBuildConfiguration;
			buildSettings = {
				ALWAYS_SEARCH_USER_PATHS = NO;
				CLANG_ANALYZER_NONNULL = YES;
				CLANG_CXX_LANGUAGE_STANDARD = "gnu++0x";
				CLANG_CXX_LIBRARY = "libc++";
				CLANG_ENABLE_MODULES = YES;
				CLANG_ENABLE_OBJC_ARC = YES;
				CLANG_WARN_BOOL_CONVERSION = YES;
				CLANG_WARN_CONSTANT_CONVERSION = YES;
				CLANG_WARN_DIRECT_OBJC_ISA_USAGE = YES_ERROR;
				CLANG_WARN_EMPTY_BODY = YES;
				CLANG_WARN_ENUM_CONVERSION = YES;
				CLANG_WARN_INT_CONVERSION = YES;
				CLANG_WARN_OBJC_ROOT_CLASS = YES_ERROR;
				CLANG_WARN_UNREACHABLE_CODE = YES;
				CLANG_WARN__DUPLICATE_METHOD_MATCH = YES;
				"CODE_SIGN_IDENTITY[sdk=iphoneos*]" = "iPhone Developer";
				COPY_PHASE_STRIP = NO;
				DEBUG_INFORMATION_FORMAT = dwarf;
				ENABLE_STRICT_OBJC_MSGSEND = YES;
				ENABLE_TESTABILITY = YES;
				GCC_C_LANGUAGE_STANDARD = gnu99;
				GCC_DYNAMIC_NO_PIC = NO;
				GCC_NO_COMMON_BLOCKS = YES;
				GCC_OPTIMIZATION_LEVEL = 0;
				GCC_PREPROCESSOR_DEFINITIONS = (
					"DEBUG=1",
					"$(inherited)",
				);
				GCC_WARN_64_TO_32_BIT_CONVERSION = YES;
				GCC_WARN_ABOUT_RETURN_TYPE = YES_ERROR;
				GCC_WARN_UNDECLARED_SELECTOR = YES;
				GCC_WARN_UNINITIALIZED_AUTOS = YES_AGGRESSIVE;
				GCC_WARN_UNUSED_FUNCTION = YES;
				GCC_WARN_UNUSED_VARIABLE = YES;
				IPHONEOS_DEPLOYMENT_TARGET = 9.3;
				MTL_ENABLE_DEBUG_INFO = YES;
				ONLY_ACTIVE_ARCH = YES;
				SDKROOT = iphoneos;
				TARGETED_DEVICE_FAMILY = "1,2";
			};
			name = Debug;
		};
		C39053A81D6EC5E2008C4831 /* Release */ = {
			isa = XCBuildConfiguration;
			buildSettings = {
				ALWAYS_SEARCH_USER_PATHS = NO;
				CLANG_ANALYZER_NONNULL = YES;
				CLANG_CXX_LANGUAGE_STANDARD = "gnu++0x";
				CLANG_CXX_LIBRARY = "libc++";
				CLANG_ENABLE_MODULES = YES;
				CLANG_ENABLE_OBJC_ARC = YES;
				CLANG_WARN_BOOL_CONVERSION = YES;
				CLANG_WARN_CONSTANT_CONVERSION = YES;
				CLANG_WARN_DIRECT_OBJC_ISA_USAGE = YES_ERROR;
				CLANG_WARN_EMPTY_BODY = YES;
				CLANG_WARN_ENUM_CONVERSION = YES;
				CLANG_WARN_INT_CONVERSION = YES;
				CLANG_WARN_OBJC_ROOT_CLASS = YES_ERROR;
				CLANG_WARN_UNREACHABLE_CODE = YES;
				CLANG_WARN__DUPLICATE_METHOD_MATCH = YES;
				"CODE_SIGN_IDENTITY[sdk=iphoneos*]" = "iPhone Developer";
				COPY_PHASE_STRIP = NO;
				DEBUG_INFORMATION_FORMAT = "dwarf-with-dsym";
				ENABLE_NS_ASSERTIONS = NO;
				ENABLE_STRICT_OBJC_MSGSEND = YES;
				GCC_C_LANGUAGE_STANDARD = gnu99;
				GCC_NO_COMMON_BLOCKS = YES;
				GCC_WARN_64_TO_32_BIT_CONVERSION = YES;
				GCC_WARN_ABOUT_RETURN_TYPE = YES_ERROR;
				GCC_WARN_UNDECLARED_SELECTOR = YES;
				GCC_WARN_UNINITIALIZED_AUTOS = YES_AGGRESSIVE;
				GCC_WARN_UNUSED_FUNCTION = YES;
				GCC_WARN_UNUSED_VARIABLE = YES;
				IPHONEOS_DEPLOYMENT_TARGET = 9.3;
				MTL_ENABLE_DEBUG_INFO = NO;
				SDKROOT = iphoneos;
				TARGETED_DEVICE_FAMILY = "1,2";
				VALIDATE_PRODUCT = YES;
			};
			name = Release;
		};
		C39053AA1D6EC5E2008C4831 /* Debug */ = {
			isa = XCBuildConfiguration;
			buildSettings = {
				ASSETCATALOG_COMPILER_APPICON_NAME = AppIcon;
				CODE_SIGN_ENTITLEMENTS = "$(SRCROOT)/sign.entitlements";
				CODE_SIGN_IDENTITY = "iPhone Developer";
				"CODE_SIGN_IDENTITY[sdk=iphoneos*]" = "iPhone Developer";
				INFOPLIST_FILE = Test1/Info.plist;
				LD_RUNPATH_SEARCH_PATHS = "$(inherited) @executable_path/Frameworks";
				PRODUCT_BUNDLE_IDENTIFIER = cn.netartist.Tegeethtrhdbbr;
				PRODUCT_NAME = "$(TARGET_NAME)";
				PROVISIONING_PROFILE = "";
			};
			name = Debug;
		};
		C39053AB1D6EC5E2008C4831 /* Release */ = {
			isa = XCBuildConfiguration;
			buildSettings = {
				ASSETCATALOG_COMPILER_APPICON_NAME = AppIcon;
				CODE_SIGN_ENTITLEMENTS = "$(SRCROOT)/sign.entitlements";
				CODE_SIGN_IDENTITY = "iPhone Developer";
				"CODE_SIGN_IDENTITY[sdk=iphoneos*]" = "iPhone Developer";
				INFOPLIST_FILE = Test1/Info.plist;
				LD_RUNPATH_SEARCH_PATHS = "$(inherited) @executable_path/Frameworks";
				PRODUCT_BUNDLE_IDENTIFIER = cn.netartist.Tegeethtrhdbbr;
				PRODUCT_NAME = "$(TARGET_NAME)";
				PROVISIONING_PROFILE = "";
			};
			name = Release;
		};
/* End XCBuildConfiguration section */

/* Begin XCConfigurationList section */
		C390538D1D6EC5E1008C4831 /* Build configuration list for PBXProject "Test1" */ = {
			isa = XCConfigurationList;
			buildConfigurations = (
				C39053A71D6EC5E2008C4831 /* Debug */,
				C39053A81D6EC5E2008C4831 /* Release */,
			);
			defaultConfigurationIsVisible = 0;
			defaultConfigurationName = Release;
		};
		C39053A91D6EC5E2008C4831 /* Build configuration list for PBXNativeTarget "Test1" */ = {
			isa = XCConfigurationList;
			buildConfigurations = (
				C39053AA1D6EC5E2008C4831 /* Debug */,
				C39053AB1D6EC5E2008C4831 /* Release */,
			);
			defaultConfigurationIsVisible = 0;
			defaultConfigurationName = Release;
		};
/* End XCConfigurationList section */
	};
	rootObject = C390538A1D6EC5E1008C4831 /* Project object */;
}
